
Microsoft Visual Studio Solution File, Format Version 12.00
# Visual Studio Version 16
VisualStudioVersion = 16.0.30611.23
MinimumVisualStudioVersion = 10.0.40219.1
Project("{F2A71F9B-5D33-465A-A702-920D77279786}") = "FsharpApp", "FsharpApp\FsharpApp.fsproj", "{63D83732-EF7A-4C16-9164-EAA8C06475A4}"
EndProject
Global
	GlobalSection(SolutionConfigurationPlatforms) = preSolution
		Debug|Any CPU = Debug|Any CPU
		Release|Any CPU = Release|Any CPU
	EndGlobalSection
	GlobalSection(ProjectConfigurationPlatforms) = postSolution
		{63D83732-EF7A-4C16-9164-EAA8C06475A4}.Debug|Any CPU.ActiveCfg = Debug|Any CPU
		{63D83732-EF7A-4C16-9164-EAA8C06475A4}.Debug|Any CPU.Build.0 = Debug|Any CPU
		{63D83732-EF7A-4C16-9164-EAA8C06475A4}.Release|Any CPU.ActiveCfg = Release|Any CPU
		{63D83732-EF7A-4C16-9164-EAA8C06475A4}.Release|Any CPU.Build.0 = Release|Any CPU
	EndGlobalSection
	GlobalSection(SolutionProperties) = preSolution
		HideSolutionNode = FALSE
	EndGlobalSection
	GlobalSection(ExtensibilityGlobals) = postSolution
		SolutionGuid = {6DA4FEFD-B3E5-47F4-91AB-D5BBA22B13D1}
	EndGlobalSection
EndGlobal
